
Microsoft Visual Studio Solution File, Format Version 12.00
# Visual Studio Version 17
VisualStudioVersion = 17.8.34408.163
MinimumVisualStudioVersion = 10.0.40219.1
Project("{FAE04EC0-301F-11D3-BF4B-00C04F79EFBC}") = "WebApplicationAtelier2", "WebApplicationAtelier2\WebApplicationAtelier2.csproj", "{85E55DE1-48A7-4BD3-BD39-B050A1EEDCB0}"
EndProject
Global
	GlobalSection(SolutionConfigurationPlatforms) = preSolution
		Debug|Any CPU = Debug|Any CPU
		Release|Any CPU = Release|Any CPU
	EndGlobalSection
	GlobalSection(ProjectConfigurationPlatforms) = postSolution
		{85E55DE1-48A7-4BD3-BD39-B050A1EEDCB0}.Debug|Any CPU.ActiveCfg = Debug|Any CPU
		{85E55DE1-48A7-4BD3-BD39-B050A1EEDCB0}.Debug|Any CPU.Build.0 = Debug|Any CPU
		{85E55DE1-48A7-4BD3-BD39-B050A1EEDCB0}.Release|Any CPU.ActiveCfg = Release|Any CPU
		{85E55DE1-48A7-4BD3-BD39-B050A1EEDCB0}.Release|Any CPU.Build.0 = Release|Any CPU
	EndGlobalSection
	GlobalSection(SolutionProperties) = preSolution
		HideSolutionNode = FALSE
	EndGlobalSection
	GlobalSection(ExtensibilityGlobals) = postSolution
		SolutionGuid = {3182C6B9-A35F-445F-868C-12EACAA0C6A4}
	EndGlobalSection
EndGlobal
